
Microsoft Visual Studio Solution File, Format Version 12.00
# Visual Studio Version 16
VisualStudioVersion = 25.0.1704.1
MinimumVisualStudioVersion = 10.0.40219.1
Project("{FAE04EC0-301F-11D3-BF4B-00C04F79EFBC}") = "FastingApp", "FastingApp\FastingApp.csproj", "{DAD40BA7-B373-4EA1-B57F-7E30A7DA2C05}"
EndProject
Global
	GlobalSection(SolutionConfigurationPlatforms) = preSolution
		Debug|Any CPU = Debug|Any CPU
		Release|Any CPU = Release|Any CPU
	EndGlobalSection
	GlobalSection(ProjectConfigurationPlatforms) = postSolution
		{DAD40BA7-B373-4EA1-B57F-7E30A7DA2C05}.Debug|Any CPU.ActiveCfg = Debug|Any CPU
		{DAD40BA7-B373-4EA1-B57F-7E30A7DA2C05}.Debug|Any CPU.Build.0 = Debug|Any CPU
		{DAD40BA7-B373-4EA1-B57F-7E30A7DA2C05}.Release|Any CPU.ActiveCfg = Release|Any CPU
		{DAD40BA7-B373-4EA1-B57F-7E30A7DA2C05}.Release|Any CPU.Build.0 = Release|Any CPU
	EndGlobalSection
	GlobalSection(SolutionProperties) = preSolution
		HideSolutionNode = FALSE
	EndGlobalSection
	GlobalSection(ExtensibilityGlobals) = postSolution
		SolutionGuid = {75F8AB93-5419-4016-92B8-1190C57BA08E}
	EndGlobalSection
EndGlobal
